#MicroXplorer Configuration settings - do not modify
#Sun May 15 20:24:54 MSK 2016
File.Version=1
KeepUserPlacement=false
Mcu.Family=STM32F1
Mcu.IP0=ADC1
Mcu.IP1=ADC2
Mcu.IP2=I2C1
Mcu.IP3=SPI1
Mcu.IP4=SYS
Mcu.IP5=TIM3
Mcu.IP6=TIM4
Mcu.IP7=USB
Mcu.IPNb=8
Mcu.Name=STM32F103C(8-B)Tx
Mcu.Package=LQFP48
Mcu.Pin0=PC14-OSC32_IN
Mcu.Pin1=PC15-OSC32_OUT
Mcu.Pin10=PB1
Mcu.Pin11=PB13
Mcu.Pin12=PA8
Mcu.Pin13=PA9
Mcu.Pin14=PA10
Mcu.Pin15=PA11
Mcu.Pin16=PA12
Mcu.Pin17=PA13
Mcu.Pin18=PA14
Mcu.Pin19=PA15
Mcu.Pin2=PA0-WKUP
Mcu.Pin20=PB4
Mcu.Pin21=PB5
Mcu.Pin22=PB6
Mcu.Pin23=PB7
Mcu.Pin24=PB8
Mcu.Pin25=PB9
Mcu.Pin26=VP_ADC1_TempSens_Input
Mcu.Pin3=PA1
Mcu.Pin4=PA2
Mcu.Pin5=PA3
Mcu.Pin6=PA5
Mcu.Pin7=PA6
Mcu.Pin8=PA7
Mcu.Pin9=PB0
Mcu.PinsNb=27
Mcu.UserName=STM32F103C8Tx
PA0-WKUP.Mode=SYS-WKUP
PA0-WKUP.Signal=SYS_WKUP
PA1.Locked=true
PA1.Signal=TIM2_CH2
PA10.Locked=true
PA10.Signal=USART1_RX
PA11.Mode=Dummy
PA11.Signal=USB_DM
PA12.Mode=Dummy
PA12.Signal=USB_DP
PA13.Mode=Serial-Wire
PA13.Signal=SYS_JTMS-SWDIO
PA14.Mode=Serial-Wire
PA14.Signal=SYS_JTCK-SWCLK
PA15.Locked=true
PA15.Signal=ADC1_EXTI15
PA2.Locked=true
PA2.Signal=TIM2_CH3
PA3.Locked=true
PA3.Signal=TIM2_CH4
PA5.Locked=true
PA5.Mode=Full-Duplex-Master
PA5.Signal=SPI1_SCK
PA6.Mode=Full-Duplex-Master
PA6.Signal=SPI1_MISO
PA7.Mode=Full-Duplex-Master
PA7.Signal=SPI1_MOSI
PA8.Locked=true
PA8.Signal=TIM1_CH1
PA9.Locked=true
PA9.Signal=USART1_TX
PB0.Locked=true
PB0.Mode=IN8
PB0.Signal=ADC2_IN8
PB1.Locked=true
PB1.Mode=IN9
PB1.Signal=ADC2_IN9
PB13.Locked=true
PB13.Signal=TIM1_CH1N
PB4.Locked=true
PB4.Mode=Encoder-Interface
PB4.Signal=TIM3_CH1
PB5.Locked=true
PB5.Mode=Encoder-Interface
PB5.Signal=TIM3_CH2
PB6.Mode=Encoder-Interface
PB6.Signal=TIM4_CH1
PB7.Mode=Encoder-Interface
PB7.Signal=TIM4_CH2
PB8.Locked=true
PB8.Mode=I2C
PB8.Signal=I2C1_SCL
PB9.Mode=I2C
PB9.Signal=I2C1_SDA
PC14-OSC32_IN.Mode=LSE-External-Oscillator
PC14-OSC32_IN.Signal=SYS_OSC32_IN
PC15-OSC32_OUT.Mode=LSE-External-Oscillator
PC15-OSC32_OUT.Signal=SYS_OSC32_OUT
VP_ADC1_TempSens_Input.Mode=IN-TempSens
VP_ADC1_TempSens_Input.Signal=ADC1_TempSens_Input
